// !$*UTF8*$!
{
	archiveVersion = 1;
	classes = {
	};
	objectVersion = 46;
	objects = {

/* Begin PBXBuildFile section */
		95C5CB6019DD9DF6001D3856 /* AppDelegate.swift in Sources */ = {isa = PBXBuildFile; fileRef = 95C5CB5F19DD9DF6001D3856 /* AppDelegate.swift */; };
		95C5CB6219DD9DF6001D3856 /* ViewController.swift in Sources */ = {isa = PBXBuildFile; fileRef = 95C5CB6119DD9DF6001D3856 /* ViewController.swift */; };
		95C5CB6519DD9DF6001D3856 /* Main.storyboard in Resources */ = {isa = PBXBuildFile; fileRef = 95C5CB6319DD9DF6001D3856 /* Main.storyboard */; };
		95C5CB6719DD9DF6001D3856 /* Images.xcassets in Resources */ = {isa = PBXBuildFile; fileRef = 95C5CB6619DD9DF6001D3856 /* Images.xcassets */; };
		95C5CB6A19DD9DF6001D3856 /* LaunchScreen.xib in Resources */ = {isa = PBXBuildFile; fileRef = 95C5CB6819DD9DF6001D3856 /* LaunchScreen.xib */; };
		95C5CB7619DD9DF6001D3856 /* PostcardTests.swift in Sources */ = {isa = PBXBuildFile; fileRef = 95C5CB7519DD9DF6001D3856 /* PostcardTests.swift */; };
		95C5CB8019DDA6A9001D3856 /* SagradaFamilia.jpeg in Resources */ = {isa = PBXBuildFile; fileRef = 95C5CB7F19DDA6A9001D3856 /* SagradaFamilia.jpeg */; };
		95C5CB8219DDE5B7001D3856 /* AlbertEinsteinStamp.jpg in Resources */ = {isa = PBXBuildFile; fileRef = 95C5CB8119DDE5B7001D3856 /* AlbertEinsteinStamp.jpg */; };
/* End PBXBuildFile section */

/* Begin PBXContainerItemProxy section */
		95C5CB7019DD9DF6001D3856 /* PBXContainerItemProxy */ = {
			isa = PBXContainerItemProxy;
			containerPortal = 95C5CB5219DD9DF6001D3856 /* Project object */;
			proxyType = 1;
			remoteGlobalIDString = 95C5CB5919DD9DF6001D3856;
			remoteInfo = Postcard;
		};
/* End PBXContainerItemProxy section */

/* Begin PBXFileReference section */
		95C5CB5A19DD9DF6001D3856 /* Postcard.app */ = {isa = PBXFileReference; explicitFileType = wrapper.application; includeInIndex = 0; path = Postcard.app; sourceTree = BUILT_PRODUCTS_DIR; };
		95C5CB5E19DD9DF6001D3856 /* Info.plist */ = {isa = PBXFileReference; lastKnownFileType = text.plist.xml; path = Info.plist; sourceTree = "<group>"; };
		95C5CB5F19DD9DF6001D3856 /* AppDelegate.swift */ = {isa = PBXFileReference; lastKnownFileType = sourcecode.swift; path = AppDelegate.swift; sourceTree = "<group>"; };
		95C5CB6119DD9DF6001D3856 /* ViewController.swift */ = {isa = PBXFileReference; lastKnownFileType = sourcecode.swift; path = ViewController.swift; sourceTree = "<group>"; };
		95C5CB6419DD9DF6001D3856 /* Base */ = {isa = PBXFileReference; lastKnownFileType = file.storyboard; name = Base; path = Base.lproj/Main.storyboard; sourceTree = "<group>"; };
		95C5CB6619DD9DF6001D3856 /* Images.xcassets */ = {isa = PBXFileReference; lastKnownFileType = folder.assetcatalog; path = Images.xcassets; sourceTree = "<group>"; };
		95C5CB6919DD9DF6001D3856 /* Base */ = {isa = PBXFileReference; lastKnownFileType = file.xib; name = Base; path = Base.lproj/LaunchScreen.xib; sourceTree = "<group>"; };
		95C5CB6F19DD9DF6001D3856 /* PostcardTests.xctest */ = {isa = PBXFileReference; explicitFileType = wrapper.cfbundle; includeInIndex = 0; path = PostcardTests.xctest; sourceTree = BUILT_PRODUCTS_DIR; };
		95C5CB7419DD9DF6001D3856 /* Info.plist */ = {isa = PBXFileReference; lastKnownFileType = text.plist.xml; path = Info.plist; sourceTree = "<group>"; };
		95C5CB7519DD9DF6001D3856 /* PostcardTests.swift */ = {isa = PBXFileReference; lastKnownFileType = sourcecode.swift; path = PostcardTests.swift; sourceTree = "<group>"; };
		95C5CB7F19DDA6A9001D3856 /* SagradaFamilia.jpeg */ = {isa = PBXFileReference; lastKnownFileType = image.jpeg; path = SagradaFamilia.jpeg; sourceTree = "<group>"; };
		95C5CB8119DDE5B7001D3856 /* AlbertEinsteinStamp.jpg */ = {isa = PBXFileReference; lastKnownFileType = image.jpeg; path = AlbertEinsteinStamp.jpg; sourceTree = "<group>"; };
/* End PBXFileReference section */

/* Begin PBXFrameworksBuildPhase section */
		95C5CB5719DD9DF6001D3856 /* Frameworks */ = {
			isa = PBXFrameworksBuildPhase;
			buildActionMask = 2147483647;
			files = (
			);
			runOnlyForDeploymentPostprocessing = 0;
		};
		95C5CB6C19DD9DF6001D3856 /* Frameworks */ = {
			isa = PBXFrameworksBuildPhase;
			buildActionMask = 2147483647;
			files = (
			);
			runOnlyForDeploymentPostprocessing = 0;
		};
/* End PBXFrameworksBuildPhase section */

/* Begin PBXGroup section */
		95C5CB5119DD9DF6001D3856 = {
			isa = PBXGroup;
			children = (
				95C5CB5C19DD9DF6001D3856 /* Postcard */,
				95C5CB7219DD9DF6001D3856 /* PostcardTests */,
				95C5CB5B19DD9DF6001D3856 /* Products */,
			);
			sourceTree = "<group>";
		};
		95C5CB5B19DD9DF6001D3856 /* Products */ = {
			isa = PBXGroup;
			children = (
				95C5CB5A19DD9DF6001D3856 /* Postcard.app */,
				95C5CB6F19DD9DF6001D3856 /* PostcardTests.xctest */,
			);
			name = Products;
			sourceTree = "<group>";
		};
		95C5CB5C19DD9DF6001D3856 /* Postcard */ = {
			isa = PBXGroup;
			children = (
				95C5CB5F19DD9DF6001D3856 /* AppDelegate.swift */,
				95C5CB6119DD9DF6001D3856 /* ViewController.swift */,
				95C5CB6319DD9DF6001D3856 /* Main.storyboard */,
				95C5CB6619DD9DF6001D3856 /* Images.xcassets */,
				95C5CB6819DD9DF6001D3856 /* LaunchScreen.xib */,
				95C5CB5D19DD9DF6001D3856 /* Supporting Files */,
			);
			path = Postcard;
			sourceTree = "<group>";
		};
		95C5CB5D19DD9DF6001D3856 /* Supporting Files */ = {
			isa = PBXGroup;
			children = (
				95C5CB8119DDE5B7001D3856 /* AlbertEinsteinStamp.jpg */,
				95C5CB7F19DDA6A9001D3856 /* SagradaFamilia.jpeg */,
				95C5CB5E19DD9DF6001D3856 /* Info.plist */,
			);
			name = "Supporting Files";
			sourceTree = "<group>";
		};
		95C5CB7219DD9DF6001D3856 /* PostcardTests */ = {
			isa = PBXGroup;
			children = (
				95C5CB7519DD9DF6001D3856 /* PostcardTests.swift */,
				95C5CB7319DD9DF6001D3856 /* Supporting Files */,
			);
			path = PostcardTests;
			sourceTree = "<group>";
		};
		95C5CB7319DD9DF6001D3856 /* Supporting Files */ = {
			isa = PBXGroup;
			children = (
				95C5CB7419DD9DF6001D3856 /* Info.plist */,
			);
			name = "Supporting Files";
			sourceTree = "<group>";
		};
/* End PBXGroup section */

/* Begin PBXNativeTarget section */
		95C5CB5919DD9DF6001D3856 /* Postcard */ = {
			isa = PBXNativeTarget;
			buildConfigurationList = 95C5CB7919DD9DF6001D3856 /* Build configuration list for PBXNativeTarget "Postcard" */;
			buildPhases = (
				95C5CB5619DD9DF6001D3856 /* Sources */,
				95C5CB5719DD9DF6001D3856 /* Frameworks */,
				95C5CB5819DD9DF6001D3856 /* Resources */,
			);
			buildRules = (
			);
			dependencies = (
			);
			name = Postcard;
			productName = Postcard;
			productReference = 95C5CB5A19DD9DF6001D3856 /* Postcard.app */;
			productType = "com.apple.product-type.application";
		};
		95C5CB6E19DD9DF6001D3856 /* PostcardTests */ = {
			isa = PBXNativeTarget;
			buildConfigurationList = 95C5CB7C19DD9DF6001D3856 /* Build configuration list for PBXNativeTarget "PostcardTests" */;
			buildPhases = (
				95C5CB6B19DD9DF6001D3856 /* Sources */,
				95C5CB6C19DD9DF6001D3856 /* Frameworks */,
				95C5CB6D19DD9DF6001D3856 /* Resources */,
			);
			buildRules = (
			);
			dependencies = (
				95C5CB7119DD9DF6001D3856 /* PBXTargetDependency */,
			);
			name = PostcardTests;
			productName = PostcardTests;
			productReference = 95C5CB6F19DD9DF6001D3856 /* PostcardTests.xctest */;
			productType = "com.apple.product-type.bundle.unit-test";
		};
/* End PBXNativeTarget section */

/* Begin PBXProject section */
		95C5CB5219DD9DF6001D3856 /* Project object */ = {
			isa = PBXProject;
			attributes = {
				LastUpgradeCheck = 0600;
				ORGANIZATIONNAME = "Gonzalo Marqez";
				TargetAttributes = {
					95C5CB5919DD9DF6001D3856 = {
						CreatedOnToolsVersion = 6.0.1;
					};
					95C5CB6E19DD9DF6001D3856 = {
						CreatedOnToolsVersion = 6.0.1;
						TestTargetID = 95C5CB5919DD9DF6001D3856;
					};
				};
			};
			buildConfigurationList = 95C5CB5519DD9DF6001D3856 /* Build configuration list for PBXProject "Postcard" */;
			compatibilityVersion = "Xcode 3.2";
			developmentRegion = English;
			hasScannedForEncodings = 0;
			knownRegions = (
				en,
				Base,
			);
			mainGroup = 95C5CB5119DD9DF6001D3856;
			productRefGroup = 95C5CB5B19DD9DF6001D3856 /* Products */;
			projectDirPath = "";
			projectRoot = "";
			targets = (
				95C5CB5919DD9DF6001D3856 /* Postcard */,
				95C5CB6E19DD9DF6001D3856 /* PostcardTests */,
			);
		};
/* End PBXProject section */

/* Begin PBXResourcesBuildPhase section */
		95C5CB5819DD9DF6001D3856 /* Resources */ = {
			isa = PBXResourcesBuildPhase;
			buildActionMask = 2147483647;
			files = (
				95C5CB6519DD9DF6001D3856 /* Main.storyboard in Resources */,
				95C5CB8019DDA6A9001D3856 /* SagradaFamilia.jpeg in Resources */,
				95C5CB8219DDE5B7001D3856 /* AlbertEinsteinStamp.jpg in Resources */,
				95C5CB6A19DD9DF6001D3856 /* LaunchScreen.xib in Resources */,
				95C5CB6719DD9DF6001D3856 /* Images.xcassets in Resources */,
			);
			runOnlyForDeploymentPostprocessing = 0;
		};
		95C5CB6D19DD9DF6001D3856 /* Resources */ = {
			isa = PBXResourcesBuildPhase;
			buildActionMask = 2147483647;
			files = (
			);
			runOnlyForDeploymentPostprocessing = 0;
		};
/* End PBXResourcesBuildPhase section */

/* Begin PBXSourcesBuildPhase section */
		95C5CB5619DD9DF6001D3856 /* Sources */ = {
			isa = PBXSourcesBuildPhase;
			buildActionMask = 2147483647;
			files = (
				95C5CB6219DD9DF6001D3856 /* ViewController.swift in Sources */,
				95C5CB6019DD9DF6001D3856 /* AppDelegate.swift in Sources */,
			);
			runOnlyForDeploymentPostprocessing = 0;
		};
		95C5CB6B19DD9DF6001D3856 /* Sources */ = {
			isa = PBXSourcesBuildPhase;
			buildActionMask = 2147483647;
			files = (
				95C5CB7619DD9DF6001D3856 /* PostcardTests.swift in Sources */,
			);
			runOnlyForDeploymentPostprocessing = 0;
		};
/* End PBXSourcesBuildPhase section */

/* Begin PBXTargetDependency section */
		95C5CB7119DD9DF6001D3856 /* PBXTargetDependency */ = {
			isa = PBXTargetDependency;
			target = 95C5CB5919DD9DF6001D3856 /* Postcard */;
			targetProxy = 95C5CB7019DD9DF6001D3856 /* PBXContainerItemProxy */;
		};
/* End PBXTargetDependency section */

/* Begin PBXVariantGroup section */
		95C5CB6319DD9DF6001D3856 /* Main.storyboard */ = {
			isa = PBXVariantGroup;
			children = (
				95C5CB6419DD9DF6001D3856 /* Base */,
			);
			name = Main.storyboard;
			sourceTree = "<group>";
		};
		95C5CB6819DD9DF6001D3856 /* LaunchScreen.xib */ = {
			isa = PBXVariantGroup;
			children = (
				95C5CB6919DD9DF6001D3856 /* Base */,
			);
			name = LaunchScreen.xib;
			sourceTree = "<group>";
		};
/* End PBXVariantGroup section */

/* Begin XCBuildConfiguration section */
		95C5CB7719DD9DF6001D3856 /* Debug */ = {
			isa = XCBuildConfiguration;
			buildSettings = {
				ALWAYS_SEARCH_USER_PATHS = NO;
				CLANG_CXX_LANGUAGE_STANDARD = "gnu++0x";
				CLANG_CXX_LIBRARY = "libc++";
				CLANG_ENABLE_MODULES = YES;
				CLANG_ENABLE_OBJC_ARC = YES;
				CLANG_WARN_BOOL_CONVERSION = YES;
				CLANG_WARN_CONSTANT_CONVERSION = YES;
				CLANG_WARN_DIRECT_OBJC_ISA_USAGE = YES_ERROR;
				CLANG_WARN_EMPTY_BODY = YES;
				CLANG_WARN_ENUM_CONVERSION = YES;
				CLANG_WARN_INT_CONVERSION = YES;
				CLANG_WARN_OBJC_ROOT_CLASS = YES_ERROR;
				CLANG_WARN_UNREACHABLE_CODE = YES;
				CLANG_WARN__DUPLICATE_METHOD_MATCH = YES;
				"CODE_SIGN_IDENTITY[sdk=iphoneos*]" = "iPhone Developer";
				COPY_PHASE_STRIP = NO;
				ENABLE_STRICT_OBJC_MSGSEND = YES;
				GCC_C_LANGUAGE_STANDARD = gnu99;
				GCC_DYNAMIC_NO_PIC = NO;
				GCC_OPTIMIZATION_LEVEL = 0;
				GCC_PREPROCESSOR_DEFINITIONS = (
					"DEBUG=1",
					"$(inherited)",
				);
				GCC_SYMBOLS_PRIVATE_EXTERN = NO;
				GCC_WARN_64_TO_32_BIT_CONVERSION = YES;
				GCC_WARN_ABOUT_RETURN_TYPE = YES_ERROR;
				GCC_WARN_UNDECLARED_SELECTOR = YES;
				GCC_WARN_UNINITIALIZED_AUTOS = YES_AGGRESSIVE;
				GCC_WARN_UNUSED_FUNCTION = YES;
				GCC_WARN_UNUSED_VARIABLE = YES;
				IPHONEOS_DEPLOYMENT_TARGET = 8.0;
				MTL_ENABLE_DEBUG_INFO = YES;
				ONLY_ACTIVE_ARCH = YES;
				SDKROOT = iphoneos;
				SWIFT_OPTIMIZATION_LEVEL = "-Onone";
				TARGETED_DEVICE_FAMILY = "1,2";
			};
			name = Debug;
		};
		95C5CB7819DD9DF6001D3856 /* Release */ = {
			isa = XCBuildConfiguration;
			buildSettings = {
				ALWAYS_SEARCH_USER_PATHS = NO;
				CLANG_CXX_LANGUAGE_STANDARD = "gnu++0x";
				CLANG_CXX_LIBRARY = "libc++";
				CLANG_ENABLE_MODULES = YES;
				CLANG_ENABLE_OBJC_ARC = YES;
				CLANG_WARN_BOOL_CONVERSION = YES;
				CLANG_WARN_CONSTANT_CONVERSION = YES;
				CLANG_WARN_DIRECT_OBJC_ISA_USAGE = YES_ERROR;
				CLANG_WARN_EMPTY_BODY = YES;
				CLANG_WARN_ENUM_CONVERSION = YES;
				CLANG_WARN_INT_CONVERSION = YES;
				CLANG_WARN_OBJC_ROOT_CLASS = YES_ERROR;
				CLANG_WARN_UNREACHABLE_CODE = YES;
				CLANG_WARN__DUPLICATE_METHOD_MATCH = YES;
				"CODE_SIGN_IDENTITY[sdk=iphoneos*]" = "iPhone Developer";
				COPY_PHASE_STRIP = YES;
				ENABLE_NS_ASSERTIONS = NO;
				ENABLE_STRICT_OBJC_MSGSEND = YES;
				GCC_C_LANGUAGE_STANDARD = gnu99;
				GCC_WARN_64_TO_32_BIT_CONVERSION = YES;
				GCC_WARN_ABOUT_RETURN_TYPE = YES_ERROR;
				GCC_WARN_UNDECLARED_SELECTOR = YES;
				GCC_WARN_UNINITIALIZED_AUTOS = YES_AGGRESSIVE;
				GCC_WARN_UNUSED_FUNCTION = YES;
				GCC_WARN_UNUSED_VARIABLE = YES;
				IPHONEOS_DEPLOYMENT_TARGET = 8.0;
				MTL_ENABLE_DEBUG_INFO = NO;
				SDKROOT = iphoneos;
				TARGETED_DEVICE_FAMILY = "1,2";
				VALIDATE_PRODUCT = YES;
			};
			name = Release;
		};
		95C5CB7A19DD9DF6001D3856 /* Debug */ = {
			isa = XCBuildConfiguration;
			buildSettings = {
				ASSETCATALOG_COMPILER_APPICON_NAME = AppIcon;
				INFOPLIST_FILE = Postcard/Info.plist;
				LD_RUNPATH_SEARCH_PATHS = "$(inherited) @executable_path/Frameworks";
				PRODUCT_NAME = "$(TARGET_NAME)";
			};
			name = Debug;
		};
		95C5CB7B19DD9DF6001D3856 /* Release */ = {
			isa = XCBuildConfiguration;
			buildSettings = {
				ASSETCATALOG_COMPILER_APPICON_NAME = AppIcon;
				INFOPLIST_FILE = Postcard/Info.plist;
				LD_RUNPATH_SEARCH_PATHS = "$(inherited) @executable_path/Frameworks";
				PRODUCT_NAME = "$(TARGET_NAME)";
			};
			name = Release;
		};
		95C5CB7D19DD9DF6001D3856 /* Debug */ = {
			isa = XCBuildConfiguration;
			buildSettings = {
				BUNDLE_LOADER = "$(TEST_HOST)";
				FRAMEWORK_SEARCH_PATHS = (
					"$(SDKROOT)/Developer/Library/Frameworks",
					"$(inherited)",
				);
				GCC_PREPROCESSOR_DEFINITIONS = (
					"DEBUG=1",
					"$(inherited)",
				);
				INFOPLIST_FILE = PostcardTests/Info.plist;
				LD_RUNPATH_SEARCH_PATHS = "$(inherited) @executable_path/Frameworks @loader_path/Frameworks";
				PRODUCT_NAME = "$(TARGET_NAME)";
				TEST_HOST = "$(BUILT_PRODUCTS_DIR)/Postcard.app/Postcard";
			};
			name = Debug;
		};
		95C5CB7E19DD9DF6001D3856 /* Release */ = {
			isa = XCBuildConfiguration;
			buildSettings = {
				BUNDLE_LOADER = "$(TEST_HOST)";
				FRAMEWORK_SEARCH_PATHS = (
					"$(SDKROOT)/Developer/Library/Frameworks",
					"$(inherited)",
				);
				INFOPLIST_FILE = PostcardTests/Info.plist;
				LD_RUNPATH_SEARCH_PATHS = "$(inherited) @executable_path/Frameworks @loader_path/Frameworks";
				PRODUCT_NAME = "$(TARGET_NAME)";
				TEST_HOST = "$(BUILT_PRODUCTS_DIR)/Postcard.app/Postcard";
			};
			name = Release;
		};
/* End XCBuildConfiguration section */

/* Begin XCConfigurationList section */
		95C5CB5519DD9DF6001D3856 /* Build configuration list for PBXProject "Postcard" */ = {
			isa = XCConfigurationList;
			buildConfigurations = (
				95C5CB7719DD9DF6001D3856 /* Debug */,
				95C5CB7819DD9DF6001D3856 /* Release */,
			);
			defaultConfigurationIsVisible = 0;
			defaultConfigurationName = Release;
		};
		95C5CB7919DD9DF6001D3856 /* Build configuration list for PBXNativeTarget "Postcard" */ = {
			isa = XCConfigurationList;
			buildConfigurations = (
				95C5CB7A19DD9DF6001D3856 /* Debug */,
				95C5CB7B19DD9DF6001D3856 /* Release */,
			);
			defaultConfigurationIsVisible = 0;
		};
		95C5CB7C19DD9DF6001D3856 /* Build configuration list for PBXNativeTarget "PostcardTests" */ = {
			isa = XCConfigurationList;
			buildConfigurations = (
				95C5CB7D19DD9DF6001D3856 /* Debug */,
				95C5CB7E19DD9DF6001D3856 /* Release */,
			);
			defaultConfigurationIsVisible = 0;
		};
/* End XCConfigurationList section */
	};
	rootObject = 95C5CB5219DD9DF6001D3856 /* Project object */;
}
